// !$*UTF8*$!
{
	archiveVersion = 1;
	classes = {
	};
	objectVersion = 55;
	objects = {

/* Begin PBXBuildFile section */
		B512B7CB2863B43E005891B1 /* Menue.swift in Sources */ = {isa = PBXBuildFile; fileRef = B512B7CA2863B43E005891B1 /* Menue.swift */; };
		B512B7CD2863B472005891B1 /* Type.swift in Sources */ = {isa = PBXBuildFile; fileRef = B512B7CC2863B472005891B1 /* Type.swift */; };
		B512B7CF2863B55E005891B1 /* ControllEmptyTextAndRestaurantID .swift in Sources */ = {isa = PBXBuildFile; fileRef = B512B7CE2863B55E005891B1 /* ControllEmptyTextAndRestaurantID .swift */; };
		B58F694B284E4A4B005BB074 /* MessageForUser.swift in Sources */ = {isa = PBXBuildFile; fileRef = B58F694A284E4A4B005BB074 /* MessageForUser.swift */; };
		B5B8E146282DA90F00D18C10 /* BuildRestaurant.swift in Sources */ = {isa = PBXBuildFile; fileRef = B5B8E145282DA90F00D18C10 /* BuildRestaurant.swift */; };
		B5B8E148282DA98100D18C10 /* Table.swift in Sources */ = {isa = PBXBuildFile; fileRef = B5B8E147282DA98100D18C10 /* Table.swift */; };
		B5B8E14C282DA9FD00D18C10 /* Order.swift in Sources */ = {isa = PBXBuildFile; fileRef = B5B8E14B282DA9FD00D18C10 /* Order.swift */; };
		B5B8E150282DAA7A00D18C10 /* Guest.swift in Sources */ = {isa = PBXBuildFile; fileRef = B5B8E14F282DAA7A00D18C10 /* Guest.swift */; };
		B5B8E156282DAC6300D18C10 /* Status.swift in Sources */ = {isa = PBXBuildFile; fileRef = B5B8E155282DAC6300D18C10 /* Status.swift */; };
		B5B8E15A282DB1D500D18C10 /* Payment.swift in Sources */ = {isa = PBXBuildFile; fileRef = B5B8E159282DB1D500D18C10 /* Payment.swift */; };
		B5B8E15C282DBBA200D18C10 /* Restaurant.swift in Sources */ = {isa = PBXBuildFile; fileRef = B5B8E15B282DBBA200D18C10 /* Restaurant.swift */; };
		B5B8E25C2831AB4F00D18C10 /* MainViewController.swift in Sources */ = {isa = PBXBuildFile; fileRef = B5B8E25B2831AB4F00D18C10 /* MainViewController.swift */; };
		B5B8E25E2831AF4A00D18C10 /* TablesViewController.swift in Sources */ = {isa = PBXBuildFile; fileRef = B5B8E25D2831AF4A00D18C10 /* TablesViewController.swift */; };
		B5BAA455282D5ABD00541501 /* AppDelegate.swift in Sources */ = {isa = PBXBuildFile; fileRef = B5BAA454282D5ABD00541501 /* AppDelegate.swift */; };
		B5BAA457282D5ABD00541501 /* SceneDelegate.swift in Sources */ = {isa = PBXBuildFile; fileRef = B5BAA456282D5ABD00541501 /* SceneDelegate.swift */; };
		B5BAA459282D5ABD00541501 /* LogInViewController.swift in Sources */ = {isa = PBXBuildFile; fileRef = B5BAA458282D5ABD00541501 /* LogInViewController.swift */; };
		B5BAA45C282D5ABD00541501 /* Main.storyboard in Resources */ = {isa = PBXBuildFile; fileRef = B5BAA45A282D5ABD00541501 /* Main.storyboard */; };
		B5BAA45E282D5ABF00541501 /* Assets.xcassets in Resources */ = {isa = PBXBuildFile; fileRef = B5BAA45D282D5ABF00541501 /* Assets.xcassets */; };
		B5BAA461282D5ABF00541501 /* LaunchScreen.storyboard in Resources */ = {isa = PBXBuildFile; fileRef = B5BAA45F282D5ABF00541501 /* LaunchScreen.storyboard */; };
		B5BAA469282D5B9000541501 /* GoogleService-Info.plist in Resources */ = {isa = PBXBuildFile; fileRef = B5BAA468282D5B9000541501 /* GoogleService-Info.plist */; };
		B5D29BB4285334DF00357F94 /* TabelsStatusViewController.swift in Sources */ = {isa = PBXBuildFile; fileRef = B5D29BB3285334DF00357F94 /* TabelsStatusViewController.swift */; };
		B5D29BB6285337C100357F94 /* ForTakingPaymentViewController.swift in Sources */ = {isa = PBXBuildFile; fileRef = B5D29BB5285337C100357F94 /* ForTakingPaymentViewController.swift */; };
		B5D29BB82853395900357F94 /* TakeOrderViewController.swift in Sources */ = {isa = PBXBuildFile; fileRef = B5D29BB72853395900357F94 /* TakeOrderViewController.swift */; };
		B5D29BBA2853399700357F94 /* KitchenViewController.swift in Sources */ = {isa = PBXBuildFile; fileRef = B5D29BB92853399700357F94 /* KitchenViewController.swift */; };
		B5D29BBC285339C100357F94 /* PaymentViewController.swift in Sources */ = {isa = PBXBuildFile; fileRef = B5D29BBB285339C100357F94 /* PaymentViewController.swift */; };
		B5DBA3662656F8E546769CCD /* Pods_Olearys.framework in Frameworks */ = {isa = PBXBuildFile; fileRef = D5A75DE56CB6D45CCBD5636D /* Pods_Olearys.framework */; };
/* End PBXBuildFile section */

/* Begin PBXFileReference section */
		047EF136C629E31A195F2858 /* Pods-Olearys.debug.xcconfig */ = {isa = PBXFileReference; includeInIndex = 1; lastKnownFileType = text.xcconfig; name = "Pods-Olearys.debug.xcconfig"; path = "Target Support Files/Pods-Olearys/Pods-Olearys.debug.xcconfig"; sourceTree = "<group>"; };
		B512B7CA2863B43E005891B1 /* Menue.swift */ = {isa = PBXFileReference; lastKnownFileType = sourcecode.swift; path = Menue.swift; sourceTree = "<group>"; };
		B512B7CC2863B472005891B1 /* Type.swift */ = {isa = PBXFileReference; lastKnownFileType = sourcecode.swift; path = Type.swift; sourceTree = "<group>"; };
		B512B7CE2863B55E005891B1 /* ControllEmptyTextAndRestaurantID .swift */ = {isa = PBXFileReference; lastKnownFileType = sourcecode.swift; path = "ControllEmptyTextAndRestaurantID .swift"; sourceTree = "<group>"; };
		B58F694A284E4A4B005BB074 /* MessageForUser.swift */ = {isa = PBXFileReference; lastKnownFileType = sourcecode.swift; path = MessageForUser.swift; sourceTree = "<group>"; };
		B5B8E145282DA90F00D18C10 /* BuildRestaurant.swift */ = {isa = PBXFileReference; lastKnownFileType = sourcecode.swift; path = BuildRestaurant.swift; sourceTree = "<group>"; };
		B5B8E147282DA98100D18C10 /* Table.swift */ = {isa = PBXFileReference; lastKnownFileType = sourcecode.swift; path = Table.swift; sourceTree = "<group>"; };
		B5B8E14B282DA9FD00D18C10 /* Order.swift */ = {isa = PBXFileReference; lastKnownFileType = sourcecode.swift; path = Order.swift; sourceTree = "<group>"; };
		B5B8E14F282DAA7A00D18C10 /* Guest.swift */ = {isa = PBXFileReference; lastKnownFileType = sourcecode.swift; path = Guest.swift; sourceTree = "<group>"; };
		B5B8E155282DAC6300D18C10 /* Status.swift */ = {isa = PBXFileReference; lastKnownFileType = sourcecode.swift; path = Status.swift; sourceTree = "<group>"; };
		B5B8E159282DB1D500D18C10 /* Payment.swift */ = {isa = PBXFileReference; lastKnownFileType = sourcecode.swift; path = Payment.swift; sourceTree = "<group>"; };
		B5B8E15B282DBBA200D18C10 /* Restaurant.swift */ = {isa = PBXFileReference; lastKnownFileType = sourcecode.swift; path = Restaurant.swift; sourceTree = "<group>"; };
		B5B8E25B2831AB4F00D18C10 /* MainViewController.swift */ = {isa = PBXFileReference; lastKnownFileType = sourcecode.swift; path = MainViewController.swift; sourceTree = "<group>"; };
		B5B8E25D2831AF4A00D18C10 /* TablesViewController.swift */ = {isa = PBXFileReference; lastKnownFileType = sourcecode.swift; path = TablesViewController.swift; sourceTree = "<group>"; };
		B5BAA451282D5ABD00541501 /* Olearys.app */ = {isa = PBXFileReference; explicitFileType = wrapper.application; includeInIndex = 0; path = Olearys.app; sourceTree = BUILT_PRODUCTS_DIR; };
		B5BAA454282D5ABD00541501 /* AppDelegate.swift */ = {isa = PBXFileReference; lastKnownFileType = sourcecode.swift; path = AppDelegate.swift; sourceTree = "<group>"; };
		B5BAA456282D5ABD00541501 /* SceneDelegate.swift */ = {isa = PBXFileReference; lastKnownFileType = sourcecode.swift; path = SceneDelegate.swift; sourceTree = "<group>"; };
		B5BAA458282D5ABD00541501 /* LogInViewController.swift */ = {isa = PBXFileReference; lastKnownFileType = sourcecode.swift; path = LogInViewController.swift; sourceTree = "<group>"; };
		B5BAA45B282D5ABD00541501 /* Base */ = {isa = PBXFileReference; lastKnownFileType = file.storyboard; name = Base; path = Base.lproj/Main.storyboard; sourceTree = "<group>"; };
		B5BAA45D282D5ABF00541501 /* Assets.xcassets */ = {isa = PBXFileReference; lastKnownFileType = folder.assetcatalog; path = Assets.xcassets; sourceTree = "<group>"; };
		B5BAA460282D5ABF00541501 /* Base */ = {isa = PBXFileReference; lastKnownFileType = file.storyboard; name = Base; path = Base.lproj/LaunchScreen.storyboard; sourceTree = "<group>"; };
		B5BAA462282D5ABF00541501 /* Info.plist */ = {isa = PBXFileReference; lastKnownFileType = text.plist.xml; path = Info.plist; sourceTree = "<group>"; };
		B5BAA468282D5B9000541501 /* GoogleService-Info.plist */ = {isa = PBXFileReference; fileEncoding = 4; lastKnownFileType = text.plist.xml; path = "GoogleService-Info.plist"; sourceTree = "<group>"; };
		B5D29BB3285334DF00357F94 /* TabelsStatusViewController.swift */ = {isa = PBXFileReference; lastKnownFileType = sourcecode.swift; path = TabelsStatusViewController.swift; sourceTree = "<group>"; };
		B5D29BB5285337C100357F94 /* ForTakingPaymentViewController.swift */ = {isa = PBXFileReference; lastKnownFileType = sourcecode.swift; path = ForTakingPaymentViewController.swift; sourceTree = "<group>"; };
		B5D29BB72853395900357F94 /* TakeOrderViewController.swift */ = {isa = PBXFileReference; lastKnownFileType = sourcecode.swift; path = TakeOrderViewController.swift; sourceTree = "<group>"; };
		B5D29BB92853399700357F94 /* KitchenViewController.swift */ = {isa = PBXFileReference; lastKnownFileType = sourcecode.swift; path = KitchenViewController.swift; sourceTree = "<group>"; };
		B5D29BBB285339C100357F94 /* PaymentViewController.swift */ = {isa = PBXFileReference; lastKnownFileType = sourcecode.swift; path = PaymentViewController.swift; sourceTree = "<group>"; };
		C45264875E2A80136F6DD3A2 /* Pods-Olearys.release.xcconfig */ = {isa = PBXFileReference; includeInIndex = 1; lastKnownFileType = text.xcconfig; name = "Pods-Olearys.release.xcconfig"; path = "Target Support Files/Pods-Olearys/Pods-Olearys.release.xcconfig"; sourceTree = "<group>"; };
		D5A75DE56CB6D45CCBD5636D /* Pods_Olearys.framework */ = {isa = PBXFileReference; explicitFileType = wrapper.framework; includeInIndex = 0; path = Pods_Olearys.framework; sourceTree = BUILT_PRODUCTS_DIR; };
/* End PBXFileReference section */

/* Begin PBXFrameworksBuildPhase section */
		B5BAA44E282D5ABD00541501 /* Frameworks */ = {
			isa = PBXFrameworksBuildPhase;
			buildActionMask = 2147483647;
			files = (
				B5DBA3662656F8E546769CCD /* Pods_Olearys.framework in Frameworks */,
			);
			runOnlyForDeploymentPostprocessing = 0;
		};
/* End PBXFrameworksBuildPhase section */

/* Begin PBXGroup section */
		538909C814973789C5B5B6BF /* Frameworks */ = {
			isa = PBXGroup;
			children = (
				D5A75DE56CB6D45CCBD5636D /* Pods_Olearys.framework */,
			);
			name = Frameworks;
			sourceTree = "<group>";
		};
		B512B7C92863B427005891B1 /* TheMenu */ = {
			isa = PBXGroup;
			children = (
				B512B7CA2863B43E005891B1 /* Menue.swift */,
				B512B7CC2863B472005891B1 /* Type.swift */,
			);
			path = TheMenu;
			sourceTree = "<group>";
		};
		B5B8E144282DA8F100D18C10 /* Models */ = {
			isa = PBXGroup;
			children = (
				B5B8E145282DA90F00D18C10 /* BuildRestaurant.swift */,
				B58F694A284E4A4B005BB074 /* MessageForUser.swift */,
				B512B7CE2863B55E005891B1 /* ControllEmptyTextAndRestaurantID .swift */,
			);
			path = Models;
			sourceTree = "<group>";
		};
		B5BAA448282D5ABD00541501 = {
			isa = PBXGroup;
			children = (
				B5BAA453282D5ABD00541501 /* Olearys */,
				B5BAA452282D5ABD00541501 /* Products */,
				C43E19F29705633D7E4F1312 /* Pods */,
				538909C814973789C5B5B6BF /* Frameworks */,
			);
			sourceTree = "<group>";
		};
		B5BAA452282D5ABD00541501 /* Products */ = {
			isa = PBXGroup;
			children = (
				B5BAA451282D5ABD00541501 /* Olearys.app */,
			);
			name = Products;
			sourceTree = "<group>";
		};
		B5BAA453282D5ABD00541501 /* Olearys */ = {
			isa = PBXGroup;
			children = (
				B5D29BBD28533A9A00357F94 /* RestaurantsContent */,
				B5D29BB02853303800357F94 /* Cells */,
				B5D29B8F28528B0800357F94 /* Controller */,
				B5B8E144282DA8F100D18C10 /* Models */,
				B5BAA468282D5B9000541501 /* GoogleService-Info.plist */,
				B5BAA454282D5ABD00541501 /* AppDelegate.swift */,
				B5BAA456282D5ABD00541501 /* SceneDelegate.swift */,
				B5BAA45A282D5ABD00541501 /* Main.storyboard */,
				B5BAA45D282D5ABF00541501 /* Assets.xcassets */,
				B5BAA45F282D5ABF00541501 /* LaunchScreen.storyboard */,
				B5BAA462282D5ABF00541501 /* Info.plist */,
			);
			path = Olearys;
			sourceTree = "<group>";
		};
		B5D29B8F28528B0800357F94 /* Controller */ = {
			isa = PBXGroup;
			children = (
				B5BAA458282D5ABD00541501 /* LogInViewController.swift */,
				B5B8E25B2831AB4F00D18C10 /* MainViewController.swift */,
				B5B8E25D2831AF4A00D18C10 /* TablesViewController.swift */,
				B5D29BB3285334DF00357F94 /* TabelsStatusViewController.swift */,
				B5D29BB5285337C100357F94 /* ForTakingPaymentViewController.swift */,
				B5D29BB72853395900357F94 /* TakeOrderViewController.swift */,
				B5D29BB92853399700357F94 /* KitchenViewController.swift */,
				B5D29BBB285339C100357F94 /* PaymentViewController.swift */,
			);
			path = Controller;
			sourceTree = "<group>";
		};
		B5D29BB02853303800357F94 /* Cells */ = {
			isa = PBXGroup;
			children = (
			);
			path = Cells;
			sourceTree = "<group>";
		};
		B5D29BBD28533A9A00357F94 /* RestaurantsContent */ = {
			isa = PBXGroup;
			children = (
				B512B7C92863B427005891B1 /* TheMenu */,
				B5B8E14B282DA9FD00D18C10 /* Order.swift */,
				B5B8E14F282DAA7A00D18C10 /* Guest.swift */,
				B5B8E155282DAC6300D18C10 /* Status.swift */,
				B5B8E159282DB1D500D18C10 /* Payment.swift */,
				B5B8E15B282DBBA200D18C10 /* Restaurant.swift */,
				B5B8E147282DA98100D18C10 /* Table.swift */,
			);
			path = RestaurantsContent;
			sourceTree = "<group>";
		};
		C43E19F29705633D7E4F1312 /* Pods */ = {
			isa = PBXGroup;
			children = (
				047EF136C629E31A195F2858 /* Pods-Olearys.debug.xcconfig */,
				C45264875E2A80136F6DD3A2 /* Pods-Olearys.release.xcconfig */,
			);
			path = Pods;
			sourceTree = "<group>";
		};
/* End PBXGroup section */

/* Begin PBXNativeTarget section */
		B5BAA450282D5ABD00541501 /* Olearys */ = {
			isa = PBXNativeTarget;
			buildConfigurationList = B5BAA465282D5ABF00541501 /* Build configuration list for PBXNativeTarget "Olearys" */;
			buildPhases = (
				6CD123F119A59FE1BD51524F /* [CP] Check Pods Manifest.lock */,
				B5BAA44D282D5ABD00541501 /* Sources */,
				B5BAA44E282D5ABD00541501 /* Frameworks */,
				B5BAA44F282D5ABD00541501 /* Resources */,
				BD6631C84CAF63D1506F6894 /* [CP] Embed Pods Frameworks */,
			);
			buildRules = (
			);
			dependencies = (
			);
			name = Olearys;
			productName = Olearys;
			productReference = B5BAA451282D5ABD00541501 /* Olearys.app */;
			productType = "com.apple.product-type.application";
		};
/* End PBXNativeTarget section */

/* Begin PBXProject section */
		B5BAA449282D5ABD00541501 /* Project object */ = {
			isa = PBXProject;
			attributes = {
				BuildIndependentTargetsInParallel = 1;
				LastSwiftUpdateCheck = 1330;
				LastUpgradeCheck = 1330;
				TargetAttributes = {
					B5BAA450282D5ABD00541501 = {
						CreatedOnToolsVersion = 13.3.1;
					};
				};
			};
			buildConfigurationList = B5BAA44C282D5ABD00541501 /* Build configuration list for PBXProject "Olearys" */;
			compatibilityVersion = "Xcode 13.0";
			developmentRegion = en;
			hasScannedForEncodings = 0;
			knownRegions = (
				en,
				Base,
			);
			mainGroup = B5BAA448282D5ABD00541501;
			productRefGroup = B5BAA452282D5ABD00541501 /* Products */;
			projectDirPath = "";
			projectRoot = "";
			targets = (
				B5BAA450282D5ABD00541501 /* Olearys */,
			);
		};
/* End PBXProject section */

/* Begin PBXResourcesBuildPhase section */
		B5BAA44F282D5ABD00541501 /* Resources */ = {
			isa = PBXResourcesBuildPhase;
			buildActionMask = 2147483647;
			files = (
				B5BAA461282D5ABF00541501 /* LaunchScreen.storyboard in Resources */,
				B5BAA469282D5B9000541501 /* GoogleService-Info.plist in Resources */,
				B5BAA45E282D5ABF00541501 /* Assets.xcassets in Resources */,
				B5BAA45C282D5ABD00541501 /* Main.storyboard in Resources */,
			);
			runOnlyForDeploymentPostprocessing = 0;
		};
/* End PBXResourcesBuildPhase section */

/* Begin PBXShellScriptBuildPhase section */
		6CD123F119A59FE1BD51524F /* [CP] Check Pods Manifest.lock */ = {
			isa = PBXShellScriptBuildPhase;
			buildActionMask = 2147483647;
			files = (
			);
			inputFileListPaths = (
			);
			inputPaths = (
				"${PODS_PODFILE_DIR_PATH}/Podfile.lock",
				"${PODS_ROOT}/Manifest.lock",
			);
			name = "[CP] Check Pods Manifest.lock";
			outputFileListPaths = (
			);
			outputPaths = (
				"$(DERIVED_FILE_DIR)/Pods-Olearys-checkManifestLockResult.txt",
			);
			runOnlyForDeploymentPostprocessing = 0;
			shellPath = /bin/sh;
			shellScript = "diff \"${PODS_PODFILE_DIR_PATH}/Podfile.lock\" \"${PODS_ROOT}/Manifest.lock\" > /dev/null\nif [ $? != 0 ] ; then\n    # print error to STDERR\n    echo \"error: The sandbox is not in sync with the Podfile.lock. Run 'pod install' or update your CocoaPods installation.\" >&2\n    exit 1\nfi\n# This output is used by Xcode 'outputs' to avoid re-running this script phase.\necho \"SUCCESS\" > \"${SCRIPT_OUTPUT_FILE_0}\"\n";
			showEnvVarsInLog = 0;
		};
		BD6631C84CAF63D1506F6894 /* [CP] Embed Pods Frameworks */ = {
			isa = PBXShellScriptBuildPhase;
			buildActionMask = 2147483647;
			files = (
			);
			inputFileListPaths = (
				"${PODS_ROOT}/Target Support Files/Pods-Olearys/Pods-Olearys-frameworks-${CONFIGURATION}-input-files.xcfilelist",
			);
			name = "[CP] Embed Pods Frameworks";
			outputFileListPaths = (
				"${PODS_ROOT}/Target Support Files/Pods-Olearys/Pods-Olearys-frameworks-${CONFIGURATION}-output-files.xcfilelist",
			);
			runOnlyForDeploymentPostprocessing = 0;
			shellPath = /bin/sh;
			shellScript = "\"${PODS_ROOT}/Target Support Files/Pods-Olearys/Pods-Olearys-frameworks.sh\"\n";
			showEnvVarsInLog = 0;
		};
/* End PBXShellScriptBuildPhase section */

/* Begin PBXSourcesBuildPhase section */
		B5BAA44D282D5ABD00541501 /* Sources */ = {
			isa = PBXSourcesBuildPhase;
			buildActionMask = 2147483647;
			files = (
				B5B8E15A282DB1D500D18C10 /* Payment.swift in Sources */,
				B5D29BBA2853399700357F94 /* KitchenViewController.swift in Sources */,
				B5BAA459282D5ABD00541501 /* LogInViewController.swift in Sources */,
				B5B8E150282DAA7A00D18C10 /* Guest.swift in Sources */,
				B5B8E25E2831AF4A00D18C10 /* TablesViewController.swift in Sources */,
				B512B7CD2863B472005891B1 /* Type.swift in Sources */,
				B5B8E15C282DBBA200D18C10 /* Restaurant.swift in Sources */,
				B5D29BB6285337C100357F94 /* ForTakingPaymentViewController.swift in Sources */,
				B5B8E148282DA98100D18C10 /* Table.swift in Sources */,
				B5B8E25C2831AB4F00D18C10 /* MainViewController.swift in Sources */,
				B5BAA455282D5ABD00541501 /* AppDelegate.swift in Sources */,
				B5BAA457282D5ABD00541501 /* SceneDelegate.swift in Sources */,
				B5D29BB4285334DF00357F94 /* TabelsStatusViewController.swift in Sources */,
				B512B7CB2863B43E005891B1 /* Menue.swift in Sources */,
				B5D29BB82853395900357F94 /* TakeOrderViewController.swift in Sources */,
				B512B7CF2863B55E005891B1 /* ControllEmptyTextAndRestaurantID .swift in Sources */,
				B5D29BBC285339C100357F94 /* PaymentViewController.swift in Sources */,
				B5B8E146282DA90F00D18C10 /* BuildRestaurant.swift in Sources */,
				B58F694B284E4A4B005BB074 /* MessageForUser.swift in Sources */,
				B5B8E14C282DA9FD00D18C10 /* Order.swift in Sources */,
				B5B8E156282DAC6300D18C10 /* Status.swift in Sources */,
			);
			runOnlyForDeploymentPostprocessing = 0;
		};
/* End PBXSourcesBuildPhase section */

/* Begin PBXVariantGroup section */
		B5BAA45A282D5ABD00541501 /* Main.storyboard */ = {
			isa = PBXVariantGroup;
			children = (
				B5BAA45B282D5ABD00541501 /* Base */,
			);
			name = Main.storyboard;
			sourceTree = "<group>";
		};
		B5BAA45F282D5ABF00541501 /* LaunchScreen.storyboard */ = {
			isa = PBXVariantGroup;
			children = (
				B5BAA460282D5ABF00541501 /* Base */,
			);
			name = LaunchScreen.storyboard;
			sourceTree = "<group>";
		};
/* End PBXVariantGroup section */

/* Begin XCBuildConfiguration section */
		B5BAA463282D5ABF00541501 /* Debug */ = {
			isa = XCBuildConfiguration;
			buildSettings = {
				ALWAYS_SEARCH_USER_PATHS = NO;
				CLANG_ANALYZER_NONNULL = YES;
				CLANG_ANALYZER_NUMBER_OBJECT_CONVERSION = YES_AGGRESSIVE;
				CLANG_CXX_LANGUAGE_STANDARD = "gnu++17";
				CLANG_ENABLE_MODULES = YES;
				CLANG_ENABLE_OBJC_ARC = YES;
				CLANG_ENABLE_OBJC_WEAK = YES;
				CLANG_WARN_BLOCK_CAPTURE_AUTORELEASING = YES;
				CLANG_WARN_BOOL_CONVERSION = YES;
				CLANG_WARN_COMMA = YES;
				CLANG_WARN_CONSTANT_CONVERSION = YES;
				CLANG_WARN_DEPRECATED_OBJC_IMPLEMENTATIONS = YES;
				CLANG_WARN_DIRECT_OBJC_ISA_USAGE = YES_ERROR;
				CLANG_WARN_DOCUMENTATION_COMMENTS = YES;
				CLANG_WARN_EMPTY_BODY = YES;
				CLANG_WARN_ENUM_CONVERSION = YES;
				CLANG_WARN_INFINITE_RECURSION = YES;
				CLANG_WARN_INT_CONVERSION = YES;
				CLANG_WARN_NON_LITERAL_NULL_CONVERSION = YES;
				CLANG_WARN_OBJC_IMPLICIT_RETAIN_SELF = YES;
				CLANG_WARN_OBJC_LITERAL_CONVERSION = YES;
				CLANG_WARN_OBJC_ROOT_CLASS = YES_ERROR;
				CLANG_WARN_QUOTED_INCLUDE_IN_FRAMEWORK_HEADER = YES;
				CLANG_WARN_RANGE_LOOP_ANALYSIS = YES;
				CLANG_WARN_STRICT_PROTOTYPES = YES;
				CLANG_WARN_SUSPICIOUS_MOVE = YES;
				CLANG_WARN_UNGUARDED_AVAILABILITY = YES_AGGRESSIVE;
				CLANG_WARN_UNREACHABLE_CODE = YES;
				CLANG_WARN__DUPLICATE_METHOD_MATCH = YES;
				COPY_PHASE_STRIP = NO;
				DEBUG_INFORMATION_FORMAT = dwarf;
				ENABLE_STRICT_OBJC_MSGSEND = YES;
				ENABLE_TESTABILITY = YES;
				GCC_C_LANGUAGE_STANDARD = gnu11;
				GCC_DYNAMIC_NO_PIC = NO;
				GCC_NO_COMMON_BLOCKS = YES;
				GCC_OPTIMIZATION_LEVEL = 0;
				GCC_PREPROCESSOR_DEFINITIONS = (
					"DEBUG=1",
					"$(inherited)",
				);
				GCC_WARN_64_TO_32_BIT_CONVERSION = YES;
				GCC_WARN_ABOUT_RETURN_TYPE = YES_ERROR;
				GCC_WARN_UNDECLARED_SELECTOR = YES;
				GCC_WARN_UNINITIALIZED_AUTOS = YES_AGGRESSIVE;
				GCC_WARN_UNUSED_FUNCTION = YES;
				GCC_WARN_UNUSED_VARIABLE = YES;
				IPHONEOS_DEPLOYMENT_TARGET = 15.4;
				MTL_ENABLE_DEBUG_INFO = INCLUDE_SOURCE;
				MTL_FAST_MATH = YES;
				ONLY_ACTIVE_ARCH = YES;
				SDKROOT = iphoneos;
				SWIFT_ACTIVE_COMPILATION_CONDITIONS = DEBUG;
				SWIFT_OPTIMIZATION_LEVEL = "-Onone";
			};
			name = Debug;
		};
		B5BAA464282D5ABF00541501 /* Release */ = {
			isa = XCBuildConfiguration;
			buildSettings = {
				ALWAYS_SEARCH_USER_PATHS = NO;
				CLANG_ANALYZER_NONNULL = YES;
				CLANG_ANALYZER_NUMBER_OBJECT_CONVERSION = YES_AGGRESSIVE;
				CLANG_CXX_LANGUAGE_STANDARD = "gnu++17";
				CLANG_ENABLE_MODULES = YES;
				CLANG_ENABLE_OBJC_ARC = YES;
				CLANG_ENABLE_OBJC_WEAK = YES;
				CLANG_WARN_BLOCK_CAPTURE_AUTORELEASING = YES;
				CLANG_WARN_BOOL_CONVERSION = YES;
				CLANG_WARN_COMMA = YES;
				CLANG_WARN_CONSTANT_CONVERSION = YES;
				CLANG_WARN_DEPRECATED_OBJC_IMPLEMENTATIONS = YES;
				CLANG_WARN_DIRECT_OBJC_ISA_USAGE = YES_ERROR;
				CLANG_WARN_DOCUMENTATION_COMMENTS = YES;
				CLANG_WARN_EMPTY_BODY = YES;
				CLANG_WARN_ENUM_CONVERSION = YES;
				CLANG_WARN_INFINITE_RECURSION = YES;
				CLANG_WARN_INT_CONVERSION = YES;
				CLANG_WARN_NON_LITERAL_NULL_CONVERSION = YES;
				CLANG_WARN_OBJC_IMPLICIT_RETAIN_SELF = YES;
				CLANG_WARN_OBJC_LITERAL_CONVERSION = YES;
				CLANG_WARN_OBJC_ROOT_CLASS = YES_ERROR;
				CLANG_WARN_QUOTED_INCLUDE_IN_FRAMEWORK_HEADER = YES;
				CLANG_WARN_RANGE_LOOP_ANALYSIS = YES;
				CLANG_WARN_STRICT_PROTOTYPES = YES;
				CLANG_WARN_SUSPICIOUS_MOVE = YES;
				CLANG_WARN_UNGUARDED_AVAILABILITY = YES_AGGRESSIVE;
				CLANG_WARN_UNREACHABLE_CODE = YES;
				CLANG_WARN__DUPLICATE_METHOD_MATCH = YES;
				COPY_PHASE_STRIP = NO;
				DEBUG_INFORMATION_FORMAT = "dwarf-with-dsym";
				ENABLE_NS_ASSERTIONS = NO;
				ENABLE_STRICT_OBJC_MSGSEND = YES;
				GCC_C_LANGUAGE_STANDARD = gnu11;
				GCC_NO_COMMON_BLOCKS = YES;
				GCC_WARN_64_TO_32_BIT_CONVERSION = YES;
				GCC_WARN_ABOUT_RETURN_TYPE = YES_ERROR;
				GCC_WARN_UNDECLARED_SELECTOR = YES;
				GCC_WARN_UNINITIALIZED_AUTOS = YES_AGGRESSIVE;
				GCC_WARN_UNUSED_FUNCTION = YES;
				GCC_WARN_UNUSED_VARIABLE = YES;
				IPHONEOS_DEPLOYMENT_TARGET = 15.4;
				MTL_ENABLE_DEBUG_INFO = NO;
				MTL_FAST_MATH = YES;
				SDKROOT = iphoneos;
				SWIFT_COMPILATION_MODE = wholemodule;
				SWIFT_OPTIMIZATION_LEVEL = "-O";
				VALIDATE_PRODUCT = YES;
			};
			name = Release;
		};
		B5BAA466282D5ABF00541501 /* Debug */ = {
			isa = XCBuildConfiguration;
			baseConfigurationReference = 047EF136C629E31A195F2858 /* Pods-Olearys.debug.xcconfig */;
			buildSettings = {
				ASSETCATALOG_COMPILER_APPICON_NAME = AppIcon;
				ASSETCATALOG_COMPILER_GLOBAL_ACCENT_COLOR_NAME = AccentColor;
				CODE_SIGN_STYLE = Automatic;
				CURRENT_PROJECT_VERSION = 1;
				DEVELOPMENT_TEAM = YRLN92P4H3;
				GENERATE_INFOPLIST_FILE = YES;
				INFOPLIST_FILE = Olearys/Info.plist;
				INFOPLIST_KEY_UIApplicationSupportsIndirectInputEvents = YES;
				INFOPLIST_KEY_UILaunchStoryboardName = LaunchScreen;
				INFOPLIST_KEY_UIMainStoryboardFile = Main;
				INFOPLIST_KEY_UISupportedInterfaceOrientations_iPad = "UIInterfaceOrientationPortrait UIInterfaceOrientationPortraitUpsideDown UIInterfaceOrientationLandscapeLeft UIInterfaceOrientationLandscapeRight";
				INFOPLIST_KEY_UISupportedInterfaceOrientations_iPhone = "UIInterfaceOrientationPortrait UIInterfaceOrientationLandscapeLeft UIInterfaceOrientationLandscapeRight";
				LD_RUNPATH_SEARCH_PATHS = (
					"$(inherited)",
					"@executable_path/Frameworks",
				);
				MARKETING_VERSION = 1.0;
				PRODUCT_BUNDLE_IDENTIFIER = "moussa.Ellakki-hotmail.com.Olearys";
				PRODUCT_NAME = "$(TARGET_NAME)";
				SWIFT_EMIT_LOC_STRINGS = YES;
				SWIFT_VERSION = 5.0;
				TARGETED_DEVICE_FAMILY = "1,2";
			};
			name = Debug;
		};
		B5BAA467282D5ABF00541501 /* Release */ = {
			isa = XCBuildConfiguration;
			baseConfigurationReference = C45264875E2A80136F6DD3A2 /* Pods-Olearys.release.xcconfig */;
			buildSettings = {
				ASSETCATALOG_COMPILER_APPICON_NAME = AppIcon;
				ASSETCATALOG_COMPILER_GLOBAL_ACCENT_COLOR_NAME = AccentColor;
				CODE_SIGN_STYLE = Automatic;
				CURRENT_PROJECT_VERSION = 1;
				DEVELOPMENT_TEAM = YRLN92P4H3;
				GENERATE_INFOPLIST_FILE = YES;
				INFOPLIST_FILE = Olearys/Info.plist;
				INFOPLIST_KEY_UIApplicationSupportsIndirectInputEvents = YES;
				INFOPLIST_KEY_UILaunchStoryboardName = LaunchScreen;
				INFOPLIST_KEY_UIMainStoryboardFile = Main;
				INFOPLIST_KEY_UISupportedInterfaceOrientations_iPad = "UIInterfaceOrientationPortrait UIInterfaceOrientationPortraitUpsideDown UIInterfaceOrientationLandscapeLeft UIInterfaceOrientationLandscapeRight";
				INFOPLIST_KEY_UISupportedInterfaceOrientations_iPhone = "UIInterfaceOrientationPortrait UIInterfaceOrientationLandscapeLeft UIInterfaceOrientationLandscapeRight";
				LD_RUNPATH_SEARCH_PATHS = (
					"$(inherited)",
					"@executable_path/Frameworks",
				);
				MARKETING_VERSION = 1.0;
				PRODUCT_BUNDLE_IDENTIFIER = "moussa.Ellakki-hotmail.com.Olearys";
				PRODUCT_NAME = "$(TARGET_NAME)";
				SWIFT_EMIT_LOC_STRINGS = YES;
				SWIFT_VERSION = 5.0;
				TARGETED_DEVICE_FAMILY = "1,2";
			};
			name = Release;
		};
/* End XCBuildConfiguration section */

/* Begin XCConfigurationList section */
		B5BAA44C282D5ABD00541501 /* Build configuration list for PBXProject "Olearys" */ = {
			isa = XCConfigurationList;
			buildConfigurations = (
				B5BAA463282D5ABF00541501 /* Debug */,
				B5BAA464282D5ABF00541501 /* Release */,
			);
			defaultConfigurationIsVisible = 0;
			defaultConfigurationName = Release;
		};
		B5BAA465282D5ABF00541501 /* Build configuration list for PBXNativeTarget "Olearys" */ = {
			isa = XCConfigurationList;
			buildConfigurations = (
				B5BAA466282D5ABF00541501 /* Debug */,
				B5BAA467282D5ABF00541501 /* Release */,
			);
			defaultConfigurationIsVisible = 0;
			defaultConfigurationName = Release;
		};
/* End XCConfigurationList section */
	};
	rootObject = B5BAA449282D5ABD00541501 /* Project object */;
}
